
Microsoft Visual Studio Solution File, Format Version 12.00
# Visual Studio 2012
Project("{FAE04EC0-301F-11D3-BF4B-00C04F79EFBC}") = "Erlend.Net.Blog", "Erlend.Net.Blog\Erlend.Net.Blog.csproj", "{8183023A-F895-44F1-BC00-51E431020867}"
EndProject
Project("{FAE04EC0-301F-11D3-BF4B-00C04F79EFBC}") = "Erlend.Net.Blog.Core", "Erlend.Net.Blog.Core\Erlend.Net.Blog.Core.csproj", "{70775257-5D8A-4C1C-BFCB-903ECAE7B2FB}"
EndProject
Project("{FAE04EC0-301F-11D3-BF4B-00C04F79EFBC}") = "Erlend.Net.Blog.Core.Tests", "Erlend.Net.Blog.Core.Tests\Erlend.Net.Blog.Core.Tests.csproj", "{B057EC19-6BD6-4C84-A1CA-C5EFF135FE7C}"
EndProject
Global
	GlobalSection(SolutionConfigurationPlatforms) = preSolution
		Debug|Any CPU = Debug|Any CPU
		Release|Any CPU = Release|Any CPU
	EndGlobalSection
	GlobalSection(ProjectConfigurationPlatforms) = postSolution
		{8183023A-F895-44F1-BC00-51E431020867}.Debug|Any CPU.ActiveCfg = Debug|Any CPU
		{8183023A-F895-44F1-BC00-51E431020867}.Debug|Any CPU.Build.0 = Debug|Any CPU
		{8183023A-F895-44F1-BC00-51E431020867}.Release|Any CPU.ActiveCfg = Release|Any CPU
		{8183023A-F895-44F1-BC00-51E431020867}.Release|Any CPU.Build.0 = Release|Any CPU
		{70775257-5D8A-4C1C-BFCB-903ECAE7B2FB}.Debug|Any CPU.ActiveCfg = Debug|Any CPU
		{70775257-5D8A-4C1C-BFCB-903ECAE7B2FB}.Debug|Any CPU.Build.0 = Debug|Any CPU
		{70775257-5D8A-4C1C-BFCB-903ECAE7B2FB}.Release|Any CPU.ActiveCfg = Release|Any CPU
		{70775257-5D8A-4C1C-BFCB-903ECAE7B2FB}.Release|Any CPU.Build.0 = Release|Any CPU
		{B057EC19-6BD6-4C84-A1CA-C5EFF135FE7C}.Debug|Any CPU.ActiveCfg = Debug|Any CPU
		{B057EC19-6BD6-4C84-A1CA-C5EFF135FE7C}.Debug|Any CPU.Build.0 = Debug|Any CPU
		{B057EC19-6BD6-4C84-A1CA-C5EFF135FE7C}.Release|Any CPU.ActiveCfg = Release|Any CPU
		{B057EC19-6BD6-4C84-A1CA-C5EFF135FE7C}.Release|Any CPU.Build.0 = Release|Any CPU
	EndGlobalSection
	GlobalSection(SolutionProperties) = preSolution
		HideSolutionNode = FALSE
	EndGlobalSection
EndGlobal
